
Microsoft Visual Studio Solution File, Format Version 12.00
# Visual Studio Version 16
VisualStudioVersion = 16.0.31313.79
MinimumVisualStudioVersion = 10.0.40219.1
Project("{FAE04EC0-301F-11D3-BF4B-00C04F79EFBC}") = "Desafio", "Desafio\Desafio.csproj", "{0A9CCF28-C6EF-4F4B-B4FF-0DA94B6A1159}"
	ProjectSection(ProjectDependencies) = postProject
		{EE5DBA1C-7EF1-4218-A86E-A9E89DD27A20} = {EE5DBA1C-7EF1-4218-A86E-A9E89DD27A20}
		{C019DAF4-4BD0-427F-B121-C70EAEDDBDF7} = {C019DAF4-4BD0-427F-B121-C70EAEDDBDF7}
	EndProjectSection
EndProject
Project("{FAE04EC0-301F-11D3-BF4B-00C04F79EFBC}") = "CapaDatos", "CapaDatos\CapaDatos.csproj", "{686667C9-8815-4E66-8065-0A6F5F0B7ED5}"
	ProjectSection(ProjectDependencies) = postProject
		{EE5DBA1C-7EF1-4218-A86E-A9E89DD27A20} = {EE5DBA1C-7EF1-4218-A86E-A9E89DD27A20}
	EndProjectSection
EndProject
Project("{FAE04EC0-301F-11D3-BF4B-00C04F79EFBC}") = "CapaEntidades", "CapaEntidades\CapaEntidades.csproj", "{EE5DBA1C-7EF1-4218-A86E-A9E89DD27A20}"
EndProject
Project("{FAE04EC0-301F-11D3-BF4B-00C04F79EFBC}") = "CapaNegocio", "CapaNegocio\CapaNegocio.csproj", "{C019DAF4-4BD0-427F-B121-C70EAEDDBDF7}"
	ProjectSection(ProjectDependencies) = postProject
		{EE5DBA1C-7EF1-4218-A86E-A9E89DD27A20} = {EE5DBA1C-7EF1-4218-A86E-A9E89DD27A20}
		{686667C9-8815-4E66-8065-0A6F5F0B7ED5} = {686667C9-8815-4E66-8065-0A6F5F0B7ED5}
	EndProjectSection
EndProject
Global
	GlobalSection(SolutionConfigurationPlatforms) = preSolution
		Debug|Any CPU = Debug|Any CPU
		Release|Any CPU = Release|Any CPU
	EndGlobalSection
	GlobalSection(ProjectConfigurationPlatforms) = postSolution
		{0A9CCF28-C6EF-4F4B-B4FF-0DA94B6A1159}.Debug|Any CPU.ActiveCfg = Debug|Any CPU
		{0A9CCF28-C6EF-4F4B-B4FF-0DA94B6A1159}.Debug|Any CPU.Build.0 = Debug|Any CPU
		{0A9CCF28-C6EF-4F4B-B4FF-0DA94B6A1159}.Release|Any CPU.ActiveCfg = Release|Any CPU
		{0A9CCF28-C6EF-4F4B-B4FF-0DA94B6A1159}.Release|Any CPU.Build.0 = Release|Any CPU
		{686667C9-8815-4E66-8065-0A6F5F0B7ED5}.Debug|Any CPU.ActiveCfg = Debug|Any CPU
		{686667C9-8815-4E66-8065-0A6F5F0B7ED5}.Debug|Any CPU.Build.0 = Debug|Any CPU
		{686667C9-8815-4E66-8065-0A6F5F0B7ED5}.Release|Any CPU.ActiveCfg = Release|Any CPU
		{686667C9-8815-4E66-8065-0A6F5F0B7ED5}.Release|Any CPU.Build.0 = Release|Any CPU
		{EE5DBA1C-7EF1-4218-A86E-A9E89DD27A20}.Debug|Any CPU.ActiveCfg = Debug|Any CPU
		{EE5DBA1C-7EF1-4218-A86E-A9E89DD27A20}.Debug|Any CPU.Build.0 = Debug|Any CPU
		{EE5DBA1C-7EF1-4218-A86E-A9E89DD27A20}.Release|Any CPU.ActiveCfg = Release|Any CPU
		{EE5DBA1C-7EF1-4218-A86E-A9E89DD27A20}.Release|Any CPU.Build.0 = Release|Any CPU
		{C019DAF4-4BD0-427F-B121-C70EAEDDBDF7}.Debug|Any CPU.ActiveCfg = Debug|Any CPU
		{C019DAF4-4BD0-427F-B121-C70EAEDDBDF7}.Debug|Any CPU.Build.0 = Debug|Any CPU
		{C019DAF4-4BD0-427F-B121-C70EAEDDBDF7}.Release|Any CPU.ActiveCfg = Release|Any CPU
		{C019DAF4-4BD0-427F-B121-C70EAEDDBDF7}.Release|Any CPU.Build.0 = Release|Any CPU
	EndGlobalSection
	GlobalSection(SolutionProperties) = preSolution
		HideSolutionNode = FALSE
	EndGlobalSection
	GlobalSection(ExtensibilityGlobals) = postSolution
		SolutionGuid = {6BC31C79-9063-4E9A-8586-D304DE436D1D}
	EndGlobalSection
EndGlobal
